// !$*UTF8*$!
{
	archiveVersion = 1;
	classes = {
	};
	objectVersion = 56;
	objects = {

/* Begin PBXBuildFile section */
		642470992A84C3640014B90A /* __swiftConcepts_asyncAwaitApp.swift in Sources */ = {isa = PBXBuildFile; fileRef = 642470982A84C3640014B90A /* __swiftConcepts_asyncAwaitApp.swift */; };
		6424709B2A84C3640014B90A /* ContentView.swift in Sources */ = {isa = PBXBuildFile; fileRef = 6424709A2A84C3640014B90A /* ContentView.swift */; };
		6424709D2A84C3660014B90A /* Assets.xcassets in Resources */ = {isa = PBXBuildFile; fileRef = 6424709C2A84C3660014B90A /* Assets.xcassets */; };
		642470A12A84C3660014B90A /* Preview Assets.xcassets in Resources */ = {isa = PBXBuildFile; fileRef = 642470A02A84C3660014B90A /* Preview Assets.xcassets */; };
		64FE10D02A85075D000AACEF /* AsyncMethod1.swift in Sources */ = {isa = PBXBuildFile; fileRef = 64FE10CF2A85075D000AACEF /* AsyncMethod1.swift */; };
		64FE10D32A851091000AACEF /* AsyncMethod2.swift in Sources */ = {isa = PBXBuildFile; fileRef = 64FE10D22A851091000AACEF /* AsyncMethod2.swift */; };
		64FE10D52A8512BD000AACEF /* NetworkManagerAsync.swift in Sources */ = {isa = PBXBuildFile; fileRef = 64FE10D42A8512BD000AACEF /* NetworkManagerAsync.swift */; };
		64FE10D82A8516EA000AACEF /* AsyncAwait.swift in Sources */ = {isa = PBXBuildFile; fileRef = 64FE10D72A8516EA000AACEF /* AsyncAwait.swift */; };
		64FE10DA2A85177F000AACEF /* NetworkManagerAsyncAwait.swift in Sources */ = {isa = PBXBuildFile; fileRef = 64FE10D92A85177F000AACEF /* NetworkManagerAsyncAwait.swift */; };
/* End PBXBuildFile section */

/* Begin PBXFileReference section */
		642470952A84C3640014B90A /* 1-swiftConcepts-asyncAwait.app */ = {isa = PBXFileReference; explicitFileType = wrapper.application; includeInIndex = 0; path = "1-swiftConcepts-asyncAwait.app"; sourceTree = BUILT_PRODUCTS_DIR; };
		642470982A84C3640014B90A /* __swiftConcepts_asyncAwaitApp.swift */ = {isa = PBXFileReference; lastKnownFileType = sourcecode.swift; path = __swiftConcepts_asyncAwaitApp.swift; sourceTree = "<group>"; };
		6424709A2A84C3640014B90A /* ContentView.swift */ = {isa = PBXFileReference; lastKnownFileType = sourcecode.swift; path = ContentView.swift; sourceTree = "<group>"; };
		6424709C2A84C3660014B90A /* Assets.xcassets */ = {isa = PBXFileReference; lastKnownFileType = folder.assetcatalog; path = Assets.xcassets; sourceTree = "<group>"; };
		6424709E2A84C3660014B90A /* __swiftConcepts_asyncAwait.entitlements */ = {isa = PBXFileReference; lastKnownFileType = text.plist.entitlements; path = __swiftConcepts_asyncAwait.entitlements; sourceTree = "<group>"; };
		642470A02A84C3660014B90A /* Preview Assets.xcassets */ = {isa = PBXFileReference; lastKnownFileType = folder.assetcatalog; path = "Preview Assets.xcassets"; sourceTree = "<group>"; };
		64FE10CF2A85075D000AACEF /* AsyncMethod1.swift */ = {isa = PBXFileReference; lastKnownFileType = sourcecode.swift; path = AsyncMethod1.swift; sourceTree = "<group>"; };
		64FE10D22A851091000AACEF /* AsyncMethod2.swift */ = {isa = PBXFileReference; lastKnownFileType = sourcecode.swift; path = AsyncMethod2.swift; sourceTree = "<group>"; };
		64FE10D42A8512BD000AACEF /* NetworkManagerAsync.swift */ = {isa = PBXFileReference; lastKnownFileType = sourcecode.swift; path = NetworkManagerAsync.swift; sourceTree = "<group>"; };
		64FE10D72A8516EA000AACEF /* AsyncAwait.swift */ = {isa = PBXFileReference; lastKnownFileType = sourcecode.swift; path = AsyncAwait.swift; sourceTree = "<group>"; };
		64FE10D92A85177F000AACEF /* NetworkManagerAsyncAwait.swift */ = {isa = PBXFileReference; lastKnownFileType = sourcecode.swift; path = NetworkManagerAsyncAwait.swift; sourceTree = "<group>"; };
/* End PBXFileReference section */

/* Begin PBXFrameworksBuildPhase section */
		642470922A84C3640014B90A /* Frameworks */ = {
			isa = PBXFrameworksBuildPhase;
			buildActionMask = 2147483647;
			files = (
			);
			runOnlyForDeploymentPostprocessing = 0;
		};
/* End PBXFrameworksBuildPhase section */

/* Begin PBXGroup section */
		6424708C2A84C3640014B90A = {
			isa = PBXGroup;
			children = (
				642470972A84C3640014B90A /* 1-swiftConcepts-asyncAwait */,
				642470962A84C3640014B90A /* Products */,
			);
			sourceTree = "<group>";
		};
		642470962A84C3640014B90A /* Products */ = {
			isa = PBXGroup;
			children = (
				642470952A84C3640014B90A /* 1-swiftConcepts-asyncAwait.app */,
			);
			name = Products;
			sourceTree = "<group>";
		};
		642470972A84C3640014B90A /* 1-swiftConcepts-asyncAwait */ = {
			isa = PBXGroup;
			children = (
				642470982A84C3640014B90A /* __swiftConcepts_asyncAwaitApp.swift */,
				642470A72A84C9150014B90A /* Synchronous */,
				64FE10CC2A85068D000AACEF /* Async Method 1 */,
				64FE10D12A851066000AACEF /* Async Method 2 */,
				64FE10D62A8516A4000AACEF /* Async and Await */,
				6424709C2A84C3660014B90A /* Assets.xcassets */,
				6424709E2A84C3660014B90A /* __swiftConcepts_asyncAwait.entitlements */,
				6424709F2A84C3660014B90A /* Preview Content */,
			);
			path = "1-swiftConcepts-asyncAwait";
			sourceTree = "<group>";
		};
		6424709F2A84C3660014B90A /* Preview Content */ = {
			isa = PBXGroup;
			children = (
				642470A02A84C3660014B90A /* Preview Assets.xcassets */,
			);
			path = "Preview Content";
			sourceTree = "<group>";
		};
		642470A72A84C9150014B90A /* Synchronous */ = {
			isa = PBXGroup;
			children = (
				6424709A2A84C3640014B90A /* ContentView.swift */,
			);
			path = Synchronous;
			sourceTree = "<group>";
		};
		64FE10CC2A85068D000AACEF /* Async Method 1 */ = {
			isa = PBXGroup;
			children = (
				64FE10CF2A85075D000AACEF /* AsyncMethod1.swift */,
			);
			path = "Async Method 1";
			sourceTree = "<group>";
		};
		64FE10D12A851066000AACEF /* Async Method 2 */ = {
			isa = PBXGroup;
			children = (
				64FE10D22A851091000AACEF /* AsyncMethod2.swift */,
				64FE10D42A8512BD000AACEF /* NetworkManagerAsync.swift */,
			);
			path = "Async Method 2";
			sourceTree = "<group>";
		};
		64FE10D62A8516A4000AACEF /* Async and Await */ = {
			isa = PBXGroup;
			children = (
				64FE10D72A8516EA000AACEF /* AsyncAwait.swift */,
				64FE10D92A85177F000AACEF /* NetworkManagerAsyncAwait.swift */,
			);
			path = "Async and Await";
			sourceTree = "<group>";
		};
/* End PBXGroup section */

/* Begin PBXNativeTarget section */
		642470942A84C3640014B90A /* 1-swiftConcepts-asyncAwait */ = {
			isa = PBXNativeTarget;
			buildConfigurationList = 642470A42A84C3660014B90A /* Build configuration list for PBXNativeTarget "1-swiftConcepts-asyncAwait" */;
			buildPhases = (
				642470912A84C3640014B90A /* Sources */,
				642470922A84C3640014B90A /* Frameworks */,
				642470932A84C3640014B90A /* Resources */,
			);
			buildRules = (
			);
			dependencies = (
			);
			name = "1-swiftConcepts-asyncAwait";
			productName = "1-swiftConcepts-asyncAwait";
			productReference = 642470952A84C3640014B90A /* 1-swiftConcepts-asyncAwait.app */;
			productType = "com.apple.product-type.application";
		};
/* End PBXNativeTarget section */

/* Begin PBXProject section */
		6424708D2A84C3640014B90A /* Project object */ = {
			isa = PBXProject;
			attributes = {
				BuildIndependentTargetsInParallel = 1;
				LastSwiftUpdateCheck = 1420;
				LastUpgradeCheck = 1420;
				TargetAttributes = {
					642470942A84C3640014B90A = {
						CreatedOnToolsVersion = 14.2;
					};
				};
			};
			buildConfigurationList = 642470902A84C3640014B90A /* Build configuration list for PBXProject "1-swiftConcepts-asyncAwait" */;
			compatibilityVersion = "Xcode 14.0";
			developmentRegion = en;
			hasScannedForEncodings = 0;
			knownRegions = (
				en,
				Base,
			);
			mainGroup = 6424708C2A84C3640014B90A;
			productRefGroup = 642470962A84C3640014B90A /* Products */;
			projectDirPath = "";
			projectRoot = "";
			targets = (
				642470942A84C3640014B90A /* 1-swiftConcepts-asyncAwait */,
			);
		};
/* End PBXProject section */

/* Begin PBXResourcesBuildPhase section */
		642470932A84C3640014B90A /* Resources */ = {
			isa = PBXResourcesBuildPhase;
			buildActionMask = 2147483647;
			files = (
				642470A12A84C3660014B90A /* Preview Assets.xcassets in Resources */,
				6424709D2A84C3660014B90A /* Assets.xcassets in Resources */,
			);
			runOnlyForDeploymentPostprocessing = 0;
		};
/* End PBXResourcesBuildPhase section */

/* Begin PBXSourcesBuildPhase section */
		642470912A84C3640014B90A /* Sources */ = {
			isa = PBXSourcesBuildPhase;
			buildActionMask = 2147483647;
			files = (
				6424709B2A84C3640014B90A /* ContentView.swift in Sources */,
				642470992A84C3640014B90A /* __swiftConcepts_asyncAwaitApp.swift in Sources */,
				64FE10DA2A85177F000AACEF /* NetworkManagerAsyncAwait.swift in Sources */,
				64FE10D32A851091000AACEF /* AsyncMethod2.swift in Sources */,
				64FE10D82A8516EA000AACEF /* AsyncAwait.swift in Sources */,
				64FE10D52A8512BD000AACEF /* NetworkManagerAsync.swift in Sources */,
				64FE10D02A85075D000AACEF /* AsyncMethod1.swift in Sources */,
			);
			runOnlyForDeploymentPostprocessing = 0;
		};
/* End PBXSourcesBuildPhase section */

/* Begin XCBuildConfiguration section */
		642470A22A84C3660014B90A /* Debug */ = {
			isa = XCBuildConfiguration;
			buildSettings = {
				ALWAYS_SEARCH_USER_PATHS = NO;
				CLANG_ANALYZER_NONNULL = YES;
				CLANG_ANALYZER_NUMBER_OBJECT_CONVERSION = YES_AGGRESSIVE;
				CLANG_CXX_LANGUAGE_STANDARD = "gnu++20";
				CLANG_ENABLE_MODULES = YES;
				CLANG_ENABLE_OBJC_ARC = YES;
				CLANG_ENABLE_OBJC_WEAK = YES;
				CLANG_WARN_BLOCK_CAPTURE_AUTORELEASING = YES;
				CLANG_WARN_BOOL_CONVERSION = YES;
				CLANG_WARN_COMMA = YES;
				CLANG_WARN_CONSTANT_CONVERSION = YES;
				CLANG_WARN_DEPRECATED_OBJC_IMPLEMENTATIONS = YES;
				CLANG_WARN_DIRECT_OBJC_ISA_USAGE = YES_ERROR;
				CLANG_WARN_DOCUMENTATION_COMMENTS = YES;
				CLANG_WARN_EMPTY_BODY = YES;
				CLANG_WARN_ENUM_CONVERSION = YES;
				CLANG_WARN_INFINITE_RECURSION = YES;
				CLANG_WARN_INT_CONVERSION = YES;
				CLANG_WARN_NON_LITERAL_NULL_CONVERSION = YES;
				CLANG_WARN_OBJC_IMPLICIT_RETAIN_SELF = YES;
				CLANG_WARN_OBJC_LITERAL_CONVERSION = YES;
				CLANG_WARN_OBJC_ROOT_CLASS = YES_ERROR;
				CLANG_WARN_QUOTED_INCLUDE_IN_FRAMEWORK_HEADER = YES;
				CLANG_WARN_RANGE_LOOP_ANALYSIS = YES;
				CLANG_WARN_STRICT_PROTOTYPES = YES;
				CLANG_WARN_SUSPICIOUS_MOVE = YES;
				CLANG_WARN_UNGUARDED_AVAILABILITY = YES_AGGRESSIVE;
				CLANG_WARN_UNREACHABLE_CODE = YES;
				CLANG_WARN__DUPLICATE_METHOD_MATCH = YES;
				COPY_PHASE_STRIP = NO;
				DEBUG_INFORMATION_FORMAT = dwarf;
				ENABLE_STRICT_OBJC_MSGSEND = YES;
				ENABLE_TESTABILITY = YES;
				GCC_C_LANGUAGE_STANDARD = gnu11;
				GCC_DYNAMIC_NO_PIC = NO;
				GCC_NO_COMMON_BLOCKS = YES;
				GCC_OPTIMIZATION_LEVEL = 0;
				GCC_PREPROCESSOR_DEFINITIONS = (
					"DEBUG=1",
					"$(inherited)",
				);
				GCC_WARN_64_TO_32_BIT_CONVERSION = YES;
				GCC_WARN_ABOUT_RETURN_TYPE = YES_ERROR;
				GCC_WARN_UNDECLARED_SELECTOR = YES;
				GCC_WARN_UNINITIALIZED_AUTOS = YES_AGGRESSIVE;
				GCC_WARN_UNUSED_FUNCTION = YES;
				GCC_WARN_UNUSED_VARIABLE = YES;
				MTL_ENABLE_DEBUG_INFO = INCLUDE_SOURCE;
				MTL_FAST_MATH = YES;
				ONLY_ACTIVE_ARCH = YES;
				SWIFT_ACTIVE_COMPILATION_CONDITIONS = DEBUG;
				SWIFT_OPTIMIZATION_LEVEL = "-Onone";
			};
			name = Debug;
		};
		642470A32A84C3660014B90A /* Release */ = {
			isa = XCBuildConfiguration;
			buildSettings = {
				ALWAYS_SEARCH_USER_PATHS = NO;
				CLANG_ANALYZER_NONNULL = YES;
				CLANG_ANALYZER_NUMBER_OBJECT_CONVERSION = YES_AGGRESSIVE;
				CLANG_CXX_LANGUAGE_STANDARD = "gnu++20";
				CLANG_ENABLE_MODULES = YES;
				CLANG_ENABLE_OBJC_ARC = YES;
				CLANG_ENABLE_OBJC_WEAK = YES;
				CLANG_WARN_BLOCK_CAPTURE_AUTORELEASING = YES;
				CLANG_WARN_BOOL_CONVERSION = YES;
				CLANG_WARN_COMMA = YES;
				CLANG_WARN_CONSTANT_CONVERSION = YES;
				CLANG_WARN_DEPRECATED_OBJC_IMPLEMENTATIONS = YES;
				CLANG_WARN_DIRECT_OBJC_ISA_USAGE = YES_ERROR;
				CLANG_WARN_DOCUMENTATION_COMMENTS = YES;
				CLANG_WARN_EMPTY_BODY = YES;
				CLANG_WARN_ENUM_CONVERSION = YES;
				CLANG_WARN_INFINITE_RECURSION = YES;
				CLANG_WARN_INT_CONVERSION = YES;
				CLANG_WARN_NON_LITERAL_NULL_CONVERSION = YES;
				CLANG_WARN_OBJC_IMPLICIT_RETAIN_SELF = YES;
				CLANG_WARN_OBJC_LITERAL_CONVERSION = YES;
				CLANG_WARN_OBJC_ROOT_CLASS = YES_ERROR;
				CLANG_WARN_QUOTED_INCLUDE_IN_FRAMEWORK_HEADER = YES;
				CLANG_WARN_RANGE_LOOP_ANALYSIS = YES;
				CLANG_WARN_STRICT_PROTOTYPES = YES;
				CLANG_WARN_SUSPICIOUS_MOVE = YES;
				CLANG_WARN_UNGUARDED_AVAILABILITY = YES_AGGRESSIVE;
				CLANG_WARN_UNREACHABLE_CODE = YES;
				CLANG_WARN__DUPLICATE_METHOD_MATCH = YES;
				COPY_PHASE_STRIP = NO;
				DEBUG_INFORMATION_FORMAT = "dwarf-with-dsym";
				ENABLE_NS_ASSERTIONS = NO;
				ENABLE_STRICT_OBJC_MSGSEND = YES;
				GCC_C_LANGUAGE_STANDARD = gnu11;
				GCC_NO_COMMON_BLOCKS = YES;
				GCC_WARN_64_TO_32_BIT_CONVERSION = YES;
				GCC_WARN_ABOUT_RETURN_TYPE = YES_ERROR;
				GCC_WARN_UNDECLARED_SELECTOR = YES;
				GCC_WARN_UNINITIALIZED_AUTOS = YES_AGGRESSIVE;
				GCC_WARN_UNUSED_FUNCTION = YES;
				GCC_WARN_UNUSED_VARIABLE = YES;
				MTL_ENABLE_DEBUG_INFO = NO;
				MTL_FAST_MATH = YES;
				SWIFT_COMPILATION_MODE = wholemodule;
				SWIFT_OPTIMIZATION_LEVEL = "-O";
			};
			name = Release;
		};
		642470A52A84C3660014B90A /* Debug */ = {
			isa = XCBuildConfiguration;
			buildSettings = {
				ASSETCATALOG_COMPILER_APPICON_NAME = AppIcon;
				ASSETCATALOG_COMPILER_GLOBAL_ACCENT_COLOR_NAME = AccentColor;
				CODE_SIGN_ENTITLEMENTS = "1-swiftConcepts-asyncAwait/__swiftConcepts_asyncAwait.entitlements";
				CODE_SIGN_STYLE = Automatic;
				CURRENT_PROJECT_VERSION = 1;
				DEVELOPMENT_ASSET_PATHS = "\"1-swiftConcepts-asyncAwait/Preview Content\"";
				ENABLE_PREVIEWS = YES;
				GENERATE_INFOPLIST_FILE = YES;
				"INFOPLIST_KEY_UIApplicationSceneManifest_Generation[sdk=iphoneos*]" = YES;
				"INFOPLIST_KEY_UIApplicationSceneManifest_Generation[sdk=iphonesimulator*]" = YES;
				"INFOPLIST_KEY_UIApplicationSupportsIndirectInputEvents[sdk=iphoneos*]" = YES;
				"INFOPLIST_KEY_UIApplicationSupportsIndirectInputEvents[sdk=iphonesimulator*]" = YES;
				"INFOPLIST_KEY_UILaunchScreen_Generation[sdk=iphoneos*]" = YES;
				"INFOPLIST_KEY_UILaunchScreen_Generation[sdk=iphonesimulator*]" = YES;
				"INFOPLIST_KEY_UIStatusBarStyle[sdk=iphoneos*]" = UIStatusBarStyleDefault;
				"INFOPLIST_KEY_UIStatusBarStyle[sdk=iphonesimulator*]" = UIStatusBarStyleDefault;
				INFOPLIST_KEY_UISupportedInterfaceOrientations_iPad = "UIInterfaceOrientationPortrait UIInterfaceOrientationPortraitUpsideDown UIInterfaceOrientationLandscapeLeft UIInterfaceOrientationLandscapeRight";
				INFOPLIST_KEY_UISupportedInterfaceOrientations_iPhone = "UIInterfaceOrientationPortrait UIInterfaceOrientationLandscapeLeft UIInterfaceOrientationLandscapeRight";
				IPHONEOS_DEPLOYMENT_TARGET = 16.2;
				LD_RUNPATH_SEARCH_PATHS = "@executable_path/Frameworks";
				"LD_RUNPATH_SEARCH_PATHS[sdk=macosx*]" = "@executable_path/../Frameworks";
				MACOSX_DEPLOYMENT_TARGET = 12.6;
				MARKETING_VERSION = 1.0;
				PRODUCT_BUNDLE_IDENTIFIER = "ai.cherrypick.--swiftConcepts-asyncAwait";
				PRODUCT_NAME = "$(TARGET_NAME)";
				SDKROOT = auto;
				SUPPORTED_PLATFORMS = "iphoneos iphonesimulator macosx";
				SWIFT_EMIT_LOC_STRINGS = YES;
				SWIFT_VERSION = 5.0;
				TARGETED_DEVICE_FAMILY = "1,2";
			};
			name = Debug;
		};
		642470A62A84C3660014B90A /* Release */ = {
			isa = XCBuildConfiguration;
			buildSettings = {
				ASSETCATALOG_COMPILER_APPICON_NAME = AppIcon;
				ASSETCATALOG_COMPILER_GLOBAL_ACCENT_COLOR_NAME = AccentColor;
				CODE_SIGN_ENTITLEMENTS = "1-swiftConcepts-asyncAwait/__swiftConcepts_asyncAwait.entitlements";
				CODE_SIGN_STYLE = Automatic;
				CURRENT_PROJECT_VERSION = 1;
				DEVELOPMENT_ASSET_PATHS = "\"1-swiftConcepts-asyncAwait/Preview Content\"";
				ENABLE_PREVIEWS = YES;
				GENERATE_INFOPLIST_FILE = YES;
				"INFOPLIST_KEY_UIApplicationSceneManifest_Generation[sdk=iphoneos*]" = YES;
				"INFOPLIST_KEY_UIApplicationSceneManifest_Generation[sdk=iphonesimulator*]" = YES;
				"INFOPLIST_KEY_UIApplicationSupportsIndirectInputEvents[sdk=iphoneos*]" = YES;
				"INFOPLIST_KEY_UIApplicationSupportsIndirectInputEvents[sdk=iphonesimulator*]" = YES;
				"INFOPLIST_KEY_UILaunchScreen_Generation[sdk=iphoneos*]" = YES;
				"INFOPLIST_KEY_UILaunchScreen_Generation[sdk=iphonesimulator*]" = YES;
				"INFOPLIST_KEY_UIStatusBarStyle[sdk=iphoneos*]" = UIStatusBarStyleDefault;
				"INFOPLIST_KEY_UIStatusBarStyle[sdk=iphonesimulator*]" = UIStatusBarStyleDefault;
				INFOPLIST_KEY_UISupportedInterfaceOrientations_iPad = "UIInterfaceOrientationPortrait UIInterfaceOrientationPortraitUpsideDown UIInterfaceOrientationLandscapeLeft UIInterfaceOrientationLandscapeRight";
				INFOPLIST_KEY_UISupportedInterfaceOrientations_iPhone = "UIInterfaceOrientationPortrait UIInterfaceOrientationLandscapeLeft UIInterfaceOrientationLandscapeRight";
				IPHONEOS_DEPLOYMENT_TARGET = 16.2;
				LD_RUNPATH_SEARCH_PATHS = "@executable_path/Frameworks";
				"LD_RUNPATH_SEARCH_PATHS[sdk=macosx*]" = "@executable_path/../Frameworks";
				MACOSX_DEPLOYMENT_TARGET = 12.6;
				MARKETING_VERSION = 1.0;
				PRODUCT_BUNDLE_IDENTIFIER = "ai.cherrypick.--swiftConcepts-asyncAwait";
				PRODUCT_NAME = "$(TARGET_NAME)";
				SDKROOT = auto;
				SUPPORTED_PLATFORMS = "iphoneos iphonesimulator macosx";
				SWIFT_EMIT_LOC_STRINGS = YES;
				SWIFT_VERSION = 5.0;
				TARGETED_DEVICE_FAMILY = "1,2";
			};
			name = Release;
		};
/* End XCBuildConfiguration section */

/* Begin XCConfigurationList section */
		642470902A84C3640014B90A /* Build configuration list for PBXProject "1-swiftConcepts-asyncAwait" */ = {
			isa = XCConfigurationList;
			buildConfigurations = (
				642470A22A84C3660014B90A /* Debug */,
				642470A32A84C3660014B90A /* Release */,
			);
			defaultConfigurationIsVisible = 0;
			defaultConfigurationName = Release;
		};
		642470A42A84C3660014B90A /* Build configuration list for PBXNativeTarget "1-swiftConcepts-asyncAwait" */ = {
			isa = XCConfigurationList;
			buildConfigurations = (
				642470A52A84C3660014B90A /* Debug */,
				642470A62A84C3660014B90A /* Release */,
			);
			defaultConfigurationIsVisible = 0;
			defaultConfigurationName = Release;
		};
/* End XCConfigurationList section */
	};
	rootObject = 6424708D2A84C3640014B90A /* Project object */;
}
